// !$*UTF8*$!
{
	archiveVersion = 1;
	classes = {
	};
	objectVersion = 56;
	objects = {

/* Begin PBXBuildFile section */
		B26DB8812A2148EE00B96F21 /* AppDelegate.swift in Sources */ = {isa = PBXBuildFile; fileRef = B26DB8802A2148EE00B96F21 /* AppDelegate.swift */; };
		B26DB8832A2148EE00B96F21 /* SceneDelegate.swift in Sources */ = {isa = PBXBuildFile; fileRef = B26DB8822A2148EE00B96F21 /* SceneDelegate.swift */; };
		B26DB88A2A2148F000B96F21 /* Assets.xcassets in Resources */ = {isa = PBXBuildFile; fileRef = B26DB8892A2148F000B96F21 /* Assets.xcassets */; };
		B26DB88D2A2148F000B96F21 /* LaunchScreen.storyboard in Resources */ = {isa = PBXBuildFile; fileRef = B26DB88B2A2148F000B96F21 /* LaunchScreen.storyboard */; };
		B26DB8982A2148F000B96F21 /* CleanSwiftTests.swift in Sources */ = {isa = PBXBuildFile; fileRef = B26DB8972A2148F000B96F21 /* CleanSwiftTests.swift */; };
		B26DB8A22A2148F000B96F21 /* CleanSwiftUITests.swift in Sources */ = {isa = PBXBuildFile; fileRef = B26DB8A12A2148F000B96F21 /* CleanSwiftUITests.swift */; };
		B26DB8A42A2148F000B96F21 /* CleanSwiftUITestsLaunchTests.swift in Sources */ = {isa = PBXBuildFile; fileRef = B26DB8A32A2148F000B96F21 /* CleanSwiftUITestsLaunchTests.swift */; };
		B26DB8B92A214C6200B96F21 /* HomePresenter.swift in Sources */ = {isa = PBXBuildFile; fileRef = B26DB8B32A214C6200B96F21 /* HomePresenter.swift */; };
		B26DB8BA2A214C6200B96F21 /* HomeWorker.swift in Sources */ = {isa = PBXBuildFile; fileRef = B26DB8B42A214C6200B96F21 /* HomeWorker.swift */; };
		B26DB8BB2A214C6200B96F21 /* HomeRouter.swift in Sources */ = {isa = PBXBuildFile; fileRef = B26DB8B52A214C6200B96F21 /* HomeRouter.swift */; };
		B26DB8BC2A214C6200B96F21 /* HomeModels.swift in Sources */ = {isa = PBXBuildFile; fileRef = B26DB8B62A214C6200B96F21 /* HomeModels.swift */; };
		B26DB8BD2A214C6200B96F21 /* HomeViewController.swift in Sources */ = {isa = PBXBuildFile; fileRef = B26DB8B72A214C6200B96F21 /* HomeViewController.swift */; };
		B26DB8BE2A214C6200B96F21 /* HomeInteractor.swift in Sources */ = {isa = PBXBuildFile; fileRef = B26DB8B82A214C6200B96F21 /* HomeInteractor.swift */; };
		B26DB8C22A214CD900B96F21 /* HTTPStatusCode.swift in Sources */ = {isa = PBXBuildFile; fileRef = B26DB8C12A214CD900B96F21 /* HTTPStatusCode.swift */; };
		B29A3B502A26E1CD004BE082 /* UIViewController+Extension.swift in Sources */ = {isa = PBXBuildFile; fileRef = B29A3B4F2A26E1CD004BE082 /* UIViewController+Extension.swift */; };
		B29A3B522A281579004BE082 /* UIImageView+Extension.swift in Sources */ = {isa = PBXBuildFile; fileRef = B29A3B512A281579004BE082 /* UIImageView+Extension.swift */; };
		B2C4379F2A262FB600F18E33 /* NetworkService.swift in Sources */ = {isa = PBXBuildFile; fileRef = B2C4379E2A262FB600F18E33 /* NetworkService.swift */; };
		B2C437A12A262FD300F18E33 /* NetworkError.swift in Sources */ = {isa = PBXBuildFile; fileRef = B2C437A02A262FD300F18E33 /* NetworkError.swift */; };
		B2C437A32A262FEF00F18E33 /* URLSessionProtocol.swift in Sources */ = {isa = PBXBuildFile; fileRef = B2C437A22A262FEF00F18E33 /* URLSessionProtocol.swift */; };
		B2C437A52A2630B300F18E33 /* NetworkRequest.swift in Sources */ = {isa = PBXBuildFile; fileRef = B2C437A42A2630B300F18E33 /* NetworkRequest.swift */; };
		B2C437A82A26336700F18E33 /* HTTPDogNetworkRequest.swift in Sources */ = {isa = PBXBuildFile; fileRef = B2C437A72A26336700F18E33 /* HTTPDogNetworkRequest.swift */; };
		B2C437AA2A263B3200F18E33 /* HTTPItem.swift in Sources */ = {isa = PBXBuildFile; fileRef = B2C437A92A263B3200F18E33 /* HTTPItem.swift */; };
		B2C437B22A263D2B00F18E33 /* HTTPDogPresenter.swift in Sources */ = {isa = PBXBuildFile; fileRef = B2C437AC2A263D2B00F18E33 /* HTTPDogPresenter.swift */; };
		B2C437B32A263D2B00F18E33 /* HTTPDogWorker.swift in Sources */ = {isa = PBXBuildFile; fileRef = B2C437AD2A263D2B00F18E33 /* HTTPDogWorker.swift */; };
		B2C437B42A263D2B00F18E33 /* HTTPDogRouter.swift in Sources */ = {isa = PBXBuildFile; fileRef = B2C437AE2A263D2B00F18E33 /* HTTPDogRouter.swift */; };
		B2C437B52A263D2B00F18E33 /* HTTPModels.swift in Sources */ = {isa = PBXBuildFile; fileRef = B2C437AF2A263D2B00F18E33 /* HTTPModels.swift */; };
		B2C437B62A263D2B00F18E33 /* HTTPDogViewController.swift in Sources */ = {isa = PBXBuildFile; fileRef = B2C437B02A263D2B00F18E33 /* HTTPDogViewController.swift */; };
		B2C437B72A263D2B00F18E33 /* HTTPDogInteractor.swift in Sources */ = {isa = PBXBuildFile; fileRef = B2C437B12A263D2B00F18E33 /* HTTPDogInteractor.swift */; };
		B2C437B92A264BB300F18E33 /* HTTPDogView.swift in Sources */ = {isa = PBXBuildFile; fileRef = B2C437B82A264BB300F18E33 /* HTTPDogView.swift */; };
/* End PBXBuildFile section */

/* Begin PBXContainerItemProxy section */
		B26DB8942A2148F000B96F21 /* PBXContainerItemProxy */ = {
			isa = PBXContainerItemProxy;
			containerPortal = B26DB8752A2148EE00B96F21 /* Project object */;
			proxyType = 1;
			remoteGlobalIDString = B26DB87C2A2148EE00B96F21;
			remoteInfo = CleanSwift;
		};
		B26DB89E2A2148F000B96F21 /* PBXContainerItemProxy */ = {
			isa = PBXContainerItemProxy;
			containerPortal = B26DB8752A2148EE00B96F21 /* Project object */;
			proxyType = 1;
			remoteGlobalIDString = B26DB87C2A2148EE00B96F21;
			remoteInfo = CleanSwift;
		};
/* End PBXContainerItemProxy section */

/* Begin PBXFileReference section */
		B26DB87D2A2148EE00B96F21 /* CleanSwift.app */ = {isa = PBXFileReference; explicitFileType = wrapper.application; includeInIndex = 0; path = CleanSwift.app; sourceTree = BUILT_PRODUCTS_DIR; };
		B26DB8802A2148EE00B96F21 /* AppDelegate.swift */ = {isa = PBXFileReference; lastKnownFileType = sourcecode.swift; path = AppDelegate.swift; sourceTree = "<group>"; };
		B26DB8822A2148EE00B96F21 /* SceneDelegate.swift */ = {isa = PBXFileReference; lastKnownFileType = sourcecode.swift; path = SceneDelegate.swift; sourceTree = "<group>"; };
		B26DB8892A2148F000B96F21 /* Assets.xcassets */ = {isa = PBXFileReference; lastKnownFileType = folder.assetcatalog; path = Assets.xcassets; sourceTree = "<group>"; };
		B26DB88C2A2148F000B96F21 /* Base */ = {isa = PBXFileReference; lastKnownFileType = file.storyboard; name = Base; path = Base.lproj/LaunchScreen.storyboard; sourceTree = "<group>"; };
		B26DB88E2A2148F000B96F21 /* Info.plist */ = {isa = PBXFileReference; lastKnownFileType = text.plist.xml; path = Info.plist; sourceTree = "<group>"; };
		B26DB8932A2148F000B96F21 /* CleanSwiftTests.xctest */ = {isa = PBXFileReference; explicitFileType = wrapper.cfbundle; includeInIndex = 0; path = CleanSwiftTests.xctest; sourceTree = BUILT_PRODUCTS_DIR; };
		B26DB8972A2148F000B96F21 /* CleanSwiftTests.swift */ = {isa = PBXFileReference; lastKnownFileType = sourcecode.swift; path = CleanSwiftTests.swift; sourceTree = "<group>"; };
		B26DB89D2A2148F000B96F21 /* CleanSwiftUITests.xctest */ = {isa = PBXFileReference; explicitFileType = wrapper.cfbundle; includeInIndex = 0; path = CleanSwiftUITests.xctest; sourceTree = BUILT_PRODUCTS_DIR; };
		B26DB8A12A2148F000B96F21 /* CleanSwiftUITests.swift */ = {isa = PBXFileReference; lastKnownFileType = sourcecode.swift; path = CleanSwiftUITests.swift; sourceTree = "<group>"; };
		B26DB8A32A2148F000B96F21 /* CleanSwiftUITestsLaunchTests.swift */ = {isa = PBXFileReference; lastKnownFileType = sourcecode.swift; path = CleanSwiftUITestsLaunchTests.swift; sourceTree = "<group>"; };
		B26DB8B32A214C6200B96F21 /* HomePresenter.swift */ = {isa = PBXFileReference; lastKnownFileType = sourcecode.swift; path = HomePresenter.swift; sourceTree = "<group>"; };
		B26DB8B42A214C6200B96F21 /* HomeWorker.swift */ = {isa = PBXFileReference; lastKnownFileType = sourcecode.swift; path = HomeWorker.swift; sourceTree = "<group>"; };
		B26DB8B52A214C6200B96F21 /* HomeRouter.swift */ = {isa = PBXFileReference; lastKnownFileType = sourcecode.swift; path = HomeRouter.swift; sourceTree = "<group>"; };
		B26DB8B62A214C6200B96F21 /* HomeModels.swift */ = {isa = PBXFileReference; lastKnownFileType = sourcecode.swift; path = HomeModels.swift; sourceTree = "<group>"; };
		B26DB8B72A214C6200B96F21 /* HomeViewController.swift */ = {isa = PBXFileReference; lastKnownFileType = sourcecode.swift; path = HomeViewController.swift; sourceTree = "<group>"; };
		B26DB8B82A214C6200B96F21 /* HomeInteractor.swift */ = {isa = PBXFileReference; lastKnownFileType = sourcecode.swift; path = HomeInteractor.swift; sourceTree = "<group>"; };
		B26DB8C12A214CD900B96F21 /* HTTPStatusCode.swift */ = {isa = PBXFileReference; lastKnownFileType = sourcecode.swift; path = HTTPStatusCode.swift; sourceTree = "<group>"; };
		B29A3B4F2A26E1CD004BE082 /* UIViewController+Extension.swift */ = {isa = PBXFileReference; lastKnownFileType = sourcecode.swift; path = "UIViewController+Extension.swift"; sourceTree = "<group>"; };
		B29A3B512A281579004BE082 /* UIImageView+Extension.swift */ = {isa = PBXFileReference; lastKnownFileType = sourcecode.swift; path = "UIImageView+Extension.swift"; sourceTree = "<group>"; };
		B2C4379E2A262FB600F18E33 /* NetworkService.swift */ = {isa = PBXFileReference; lastKnownFileType = sourcecode.swift; path = NetworkService.swift; sourceTree = "<group>"; };
		B2C437A02A262FD300F18E33 /* NetworkError.swift */ = {isa = PBXFileReference; lastKnownFileType = sourcecode.swift; path = NetworkError.swift; sourceTree = "<group>"; };
		B2C437A22A262FEF00F18E33 /* URLSessionProtocol.swift */ = {isa = PBXFileReference; lastKnownFileType = sourcecode.swift; path = URLSessionProtocol.swift; sourceTree = "<group>"; };
		B2C437A42A2630B300F18E33 /* NetworkRequest.swift */ = {isa = PBXFileReference; lastKnownFileType = sourcecode.swift; path = NetworkRequest.swift; sourceTree = "<group>"; };
		B2C437A72A26336700F18E33 /* HTTPDogNetworkRequest.swift */ = {isa = PBXFileReference; lastKnownFileType = sourcecode.swift; path = HTTPDogNetworkRequest.swift; sourceTree = "<group>"; };
		B2C437A92A263B3200F18E33 /* HTTPItem.swift */ = {isa = PBXFileReference; lastKnownFileType = sourcecode.swift; path = HTTPItem.swift; sourceTree = "<group>"; };
		B2C437AC2A263D2B00F18E33 /* HTTPDogPresenter.swift */ = {isa = PBXFileReference; lastKnownFileType = sourcecode.swift; path = HTTPDogPresenter.swift; sourceTree = "<group>"; };
		B2C437AD2A263D2B00F18E33 /* HTTPDogWorker.swift */ = {isa = PBXFileReference; lastKnownFileType = sourcecode.swift; path = HTTPDogWorker.swift; sourceTree = "<group>"; };
		B2C437AE2A263D2B00F18E33 /* HTTPDogRouter.swift */ = {isa = PBXFileReference; lastKnownFileType = sourcecode.swift; path = HTTPDogRouter.swift; sourceTree = "<group>"; };
		B2C437AF2A263D2B00F18E33 /* HTTPModels.swift */ = {isa = PBXFileReference; lastKnownFileType = sourcecode.swift; path = HTTPModels.swift; sourceTree = "<group>"; };
		B2C437B02A263D2B00F18E33 /* HTTPDogViewController.swift */ = {isa = PBXFileReference; lastKnownFileType = sourcecode.swift; path = HTTPDogViewController.swift; sourceTree = "<group>"; };
		B2C437B12A263D2B00F18E33 /* HTTPDogInteractor.swift */ = {isa = PBXFileReference; lastKnownFileType = sourcecode.swift; path = HTTPDogInteractor.swift; sourceTree = "<group>"; };
		B2C437B82A264BB300F18E33 /* HTTPDogView.swift */ = {isa = PBXFileReference; lastKnownFileType = sourcecode.swift; path = HTTPDogView.swift; sourceTree = "<group>"; };
/* End PBXFileReference section */

/* Begin PBXFrameworksBuildPhase section */
		B26DB87A2A2148EE00B96F21 /* Frameworks */ = {
			isa = PBXFrameworksBuildPhase;
			buildActionMask = 2147483647;
			files = (
			);
			runOnlyForDeploymentPostprocessing = 0;
		};
		B26DB8902A2148F000B96F21 /* Frameworks */ = {
			isa = PBXFrameworksBuildPhase;
			buildActionMask = 2147483647;
			files = (
			);
			runOnlyForDeploymentPostprocessing = 0;
		};
		B26DB89A2A2148F000B96F21 /* Frameworks */ = {
			isa = PBXFrameworksBuildPhase;
			buildActionMask = 2147483647;
			files = (
			);
			runOnlyForDeploymentPostprocessing = 0;
		};
/* End PBXFrameworksBuildPhase section */

/* Begin PBXGroup section */
		B26DB8742A2148EE00B96F21 = {
			isa = PBXGroup;
			children = (
				B26DB87F2A2148EE00B96F21 /* CleanSwift */,
				B26DB8962A2148F000B96F21 /* CleanSwiftTests */,
				B26DB8A02A2148F000B96F21 /* CleanSwiftUITests */,
				B26DB87E2A2148EE00B96F21 /* Products */,
			);
			sourceTree = "<group>";
		};
		B26DB87E2A2148EE00B96F21 /* Products */ = {
			isa = PBXGroup;
			children = (
				B26DB87D2A2148EE00B96F21 /* CleanSwift.app */,
				B26DB8932A2148F000B96F21 /* CleanSwiftTests.xctest */,
				B26DB89D2A2148F000B96F21 /* CleanSwiftUITests.xctest */,
			);
			name = Products;
			sourceTree = "<group>";
		};
		B26DB87F2A2148EE00B96F21 /* CleanSwift */ = {
			isa = PBXGroup;
			children = (
				B26DB8B02A2148F700B96F21 /* Core */,
				B26DB8B12A21490200B96F21 /* Scenes */,
				B26DB8C02A214CC500B96F21 /* Models */,
				B26DB8D02A21A2BA00B96F21 /* Services */,
				B26DB8BF2A214C6900B96F21 /* Resources */,
				B29A3B4E2A26E18E004BE082 /* Extensions */,
			);
			path = CleanSwift;
			sourceTree = "<group>";
		};
		B26DB8962A2148F000B96F21 /* CleanSwiftTests */ = {
			isa = PBXGroup;
			children = (
				B26DB8972A2148F000B96F21 /* CleanSwiftTests.swift */,
			);
			path = CleanSwiftTests;
			sourceTree = "<group>";
		};
		B26DB8A02A2148F000B96F21 /* CleanSwiftUITests */ = {
			isa = PBXGroup;
			children = (
				B26DB8A12A2148F000B96F21 /* CleanSwiftUITests.swift */,
				B26DB8A32A2148F000B96F21 /* CleanSwiftUITestsLaunchTests.swift */,
			);
			path = CleanSwiftUITests;
			sourceTree = "<group>";
		};
		B26DB8B02A2148F700B96F21 /* Core */ = {
			isa = PBXGroup;
			children = (
				B26DB8802A2148EE00B96F21 /* AppDelegate.swift */,
				B26DB8822A2148EE00B96F21 /* SceneDelegate.swift */,
				B26DB88B2A2148F000B96F21 /* LaunchScreen.storyboard */,
				B26DB88E2A2148F000B96F21 /* Info.plist */,
			);
			path = Core;
			sourceTree = "<group>";
		};
		B26DB8B12A21490200B96F21 /* Scenes */ = {
			isa = PBXGroup;
			children = (
				B26DB8B22A21490900B96F21 /* Home */,
				B2C437AB2A263CE700F18E33 /* HTTPDog */,
			);
			path = Scenes;
			sourceTree = "<group>";
		};
		B26DB8B22A21490900B96F21 /* Home */ = {
			isa = PBXGroup;
			children = (
				B26DB8B32A214C6200B96F21 /* HomePresenter.swift */,
				B26DB8B42A214C6200B96F21 /* HomeWorker.swift */,
				B26DB8B52A214C6200B96F21 /* HomeRouter.swift */,
				B26DB8B62A214C6200B96F21 /* HomeModels.swift */,
				B26DB8B72A214C6200B96F21 /* HomeViewController.swift */,
				B26DB8B82A214C6200B96F21 /* HomeInteractor.swift */,
			);
			path = Home;
			sourceTree = "<group>";
		};
		B26DB8BF2A214C6900B96F21 /* Resources */ = {
			isa = PBXGroup;
			children = (
				B26DB8892A2148F000B96F21 /* Assets.xcassets */,
			);
			path = Resources;
			sourceTree = "<group>";
		};
		B26DB8C02A214CC500B96F21 /* Models */ = {
			isa = PBXGroup;
			children = (
				B26DB8C12A214CD900B96F21 /* HTTPStatusCode.swift */,
				B2C437A92A263B3200F18E33 /* HTTPItem.swift */,
			);
			path = Models;
			sourceTree = "<group>";
		};
		B26DB8D02A21A2BA00B96F21 /* Services */ = {
			isa = PBXGroup;
			children = (
				B26DB8D12A21A35E00B96F21 /* Network */,
			);
			path = Services;
			sourceTree = "<group>";
		};
		B26DB8D12A21A35E00B96F21 /* Network */ = {
			isa = PBXGroup;
			children = (
				B2C437A62A26334F00F18E33 /* Requests */,
				B2C4379E2A262FB600F18E33 /* NetworkService.swift */,
				B2C437A42A2630B300F18E33 /* NetworkRequest.swift */,
				B2C437A02A262FD300F18E33 /* NetworkError.swift */,
				B2C437A22A262FEF00F18E33 /* URLSessionProtocol.swift */,
			);
			path = Network;
			sourceTree = "<group>";
		};
		B29A3B4E2A26E18E004BE082 /* Extensions */ = {
			isa = PBXGroup;
			children = (
				B29A3B4F2A26E1CD004BE082 /* UIViewController+Extension.swift */,
				B29A3B512A281579004BE082 /* UIImageView+Extension.swift */,
			);
			path = Extensions;
			sourceTree = "<group>";
		};
		B2C437A62A26334F00F18E33 /* Requests */ = {
			isa = PBXGroup;
			children = (
				B2C437A72A26336700F18E33 /* HTTPDogNetworkRequest.swift */,
			);
			path = Requests;
			sourceTree = "<group>";
		};
		B2C437AB2A263CE700F18E33 /* HTTPDog */ = {
			isa = PBXGroup;
			children = (
				B2C437AC2A263D2B00F18E33 /* HTTPDogPresenter.swift */,
				B2C437AD2A263D2B00F18E33 /* HTTPDogWorker.swift */,
				B2C437AE2A263D2B00F18E33 /* HTTPDogRouter.swift */,
				B2C437AF2A263D2B00F18E33 /* HTTPModels.swift */,
				B2C437B02A263D2B00F18E33 /* HTTPDogViewController.swift */,
				B2C437B82A264BB300F18E33 /* HTTPDogView.swift */,
				B2C437B12A263D2B00F18E33 /* HTTPDogInteractor.swift */,
			);
			path = HTTPDog;
			sourceTree = "<group>";
		};
/* End PBXGroup section */

/* Begin PBXNativeTarget section */
		B26DB87C2A2148EE00B96F21 /* CleanSwift */ = {
			isa = PBXNativeTarget;
			buildConfigurationList = B26DB8A72A2148F000B96F21 /* Build configuration list for PBXNativeTarget "CleanSwift" */;
			buildPhases = (
				B26DB8792A2148EE00B96F21 /* Sources */,
				B26DB87A2A2148EE00B96F21 /* Frameworks */,
				B26DB87B2A2148EE00B96F21 /* Resources */,
			);
			buildRules = (
			);
			dependencies = (
			);
			name = CleanSwift;
			productName = CleanSwift;
			productReference = B26DB87D2A2148EE00B96F21 /* CleanSwift.app */;
			productType = "com.apple.product-type.application";
		};
		B26DB8922A2148F000B96F21 /* CleanSwiftTests */ = {
			isa = PBXNativeTarget;
			buildConfigurationList = B26DB8AA2A2148F000B96F21 /* Build configuration list for PBXNativeTarget "CleanSwiftTests" */;
			buildPhases = (
				B26DB88F2A2148F000B96F21 /* Sources */,
				B26DB8902A2148F000B96F21 /* Frameworks */,
				B26DB8912A2148F000B96F21 /* Resources */,
			);
			buildRules = (
			);
			dependencies = (
				B26DB8952A2148F000B96F21 /* PBXTargetDependency */,
			);
			name = CleanSwiftTests;
			productName = CleanSwiftTests;
			productReference = B26DB8932A2148F000B96F21 /* CleanSwiftTests.xctest */;
			productType = "com.apple.product-type.bundle.unit-test";
		};
		B26DB89C2A2148F000B96F21 /* CleanSwiftUITests */ = {
			isa = PBXNativeTarget;
			buildConfigurationList = B26DB8AD2A2148F000B96F21 /* Build configuration list for PBXNativeTarget "CleanSwiftUITests" */;
			buildPhases = (
				B26DB8992A2148F000B96F21 /* Sources */,
				B26DB89A2A2148F000B96F21 /* Frameworks */,
				B26DB89B2A2148F000B96F21 /* Resources */,
			);
			buildRules = (
			);
			dependencies = (
				B26DB89F2A2148F000B96F21 /* PBXTargetDependency */,
			);
			name = CleanSwiftUITests;
			productName = CleanSwiftUITests;
			productReference = B26DB89D2A2148F000B96F21 /* CleanSwiftUITests.xctest */;
			productType = "com.apple.product-type.bundle.ui-testing";
		};
/* End PBXNativeTarget section */

/* Begin PBXProject section */
		B26DB8752A2148EE00B96F21 /* Project object */ = {
			isa = PBXProject;
			attributes = {
				BuildIndependentTargetsInParallel = 1;
				LastSwiftUpdateCheck = 1420;
				LastUpgradeCheck = 1420;
				TargetAttributes = {
					B26DB87C2A2148EE00B96F21 = {
						CreatedOnToolsVersion = 14.2;
					};
					B26DB8922A2148F000B96F21 = {
						CreatedOnToolsVersion = 14.2;
						TestTargetID = B26DB87C2A2148EE00B96F21;
					};
					B26DB89C2A2148F000B96F21 = {
						CreatedOnToolsVersion = 14.2;
						TestTargetID = B26DB87C2A2148EE00B96F21;
					};
				};
			};
			buildConfigurationList = B26DB8782A2148EE00B96F21 /* Build configuration list for PBXProject "CleanSwift" */;
			compatibilityVersion = "Xcode 14.0";
			developmentRegion = en;
			hasScannedForEncodings = 0;
			knownRegions = (
				en,
				Base,
			);
			mainGroup = B26DB8742A2148EE00B96F21;
			productRefGroup = B26DB87E2A2148EE00B96F21 /* Products */;
			projectDirPath = "";
			projectRoot = "";
			targets = (
				B26DB87C2A2148EE00B96F21 /* CleanSwift */,
				B26DB8922A2148F000B96F21 /* CleanSwiftTests */,
				B26DB89C2A2148F000B96F21 /* CleanSwiftUITests */,
			);
		};
/* End PBXProject section */

/* Begin PBXResourcesBuildPhase section */
		B26DB87B2A2148EE00B96F21 /* Resources */ = {
			isa = PBXResourcesBuildPhase;
			buildActionMask = 2147483647;
			files = (
				B26DB88D2A2148F000B96F21 /* LaunchScreen.storyboard in Resources */,
				B26DB88A2A2148F000B96F21 /* Assets.xcassets in Resources */,
			);
			runOnlyForDeploymentPostprocessing = 0;
		};
		B26DB8912A2148F000B96F21 /* Resources */ = {
			isa = PBXResourcesBuildPhase;
			buildActionMask = 2147483647;
			files = (
			);
			runOnlyForDeploymentPostprocessing = 0;
		};
		B26DB89B2A2148F000B96F21 /* Resources */ = {
			isa = PBXResourcesBuildPhase;
			buildActionMask = 2147483647;
			files = (
			);
			runOnlyForDeploymentPostprocessing = 0;
		};
/* End PBXResourcesBuildPhase section */

/* Begin PBXSourcesBuildPhase section */
		B26DB8792A2148EE00B96F21 /* Sources */ = {
			isa = PBXSourcesBuildPhase;
			buildActionMask = 2147483647;
			files = (
				B2C437A52A2630B300F18E33 /* NetworkRequest.swift in Sources */,
				B2C437A32A262FEF00F18E33 /* URLSessionProtocol.swift in Sources */,
				B2C437B42A263D2B00F18E33 /* HTTPDogRouter.swift in Sources */,
				B2C4379F2A262FB600F18E33 /* NetworkService.swift in Sources */,
				B2C437B52A263D2B00F18E33 /* HTTPModels.swift in Sources */,
				B2C437AA2A263B3200F18E33 /* HTTPItem.swift in Sources */,
				B2C437B92A264BB300F18E33 /* HTTPDogView.swift in Sources */,
				B29A3B502A26E1CD004BE082 /* UIViewController+Extension.swift in Sources */,
				B26DB8C22A214CD900B96F21 /* HTTPStatusCode.swift in Sources */,
				B26DB8BB2A214C6200B96F21 /* HomeRouter.swift in Sources */,
				B2C437B22A263D2B00F18E33 /* HTTPDogPresenter.swift in Sources */,
				B26DB8812A2148EE00B96F21 /* AppDelegate.swift in Sources */,
				B2C437B32A263D2B00F18E33 /* HTTPDogWorker.swift in Sources */,
				B2C437A82A26336700F18E33 /* HTTPDogNetworkRequest.swift in Sources */,
				B26DB8BD2A214C6200B96F21 /* HomeViewController.swift in Sources */,
				B26DB8832A2148EE00B96F21 /* SceneDelegate.swift in Sources */,
				B29A3B522A281579004BE082 /* UIImageView+Extension.swift in Sources */,
				B26DB8BA2A214C6200B96F21 /* HomeWorker.swift in Sources */,
				B26DB8BE2A214C6200B96F21 /* HomeInteractor.swift in Sources */,
				B26DB8B92A214C6200B96F21 /* HomePresenter.swift in Sources */,
				B2C437A12A262FD300F18E33 /* NetworkError.swift in Sources */,
				B2C437B62A263D2B00F18E33 /* HTTPDogViewController.swift in Sources */,
				B2C437B72A263D2B00F18E33 /* HTTPDogInteractor.swift in Sources */,
				B26DB8BC2A214C6200B96F21 /* HomeModels.swift in Sources */,
			);
			runOnlyForDeploymentPostprocessing = 0;
		};
		B26DB88F2A2148F000B96F21 /* Sources */ = {
			isa = PBXSourcesBuildPhase;
			buildActionMask = 2147483647;
			files = (
				B26DB8982A2148F000B96F21 /* CleanSwiftTests.swift in Sources */,
			);
			runOnlyForDeploymentPostprocessing = 0;
		};
		B26DB8992A2148F000B96F21 /* Sources */ = {
			isa = PBXSourcesBuildPhase;
			buildActionMask = 2147483647;
			files = (
				B26DB8A42A2148F000B96F21 /* CleanSwiftUITestsLaunchTests.swift in Sources */,
				B26DB8A22A2148F000B96F21 /* CleanSwiftUITests.swift in Sources */,
			);
			runOnlyForDeploymentPostprocessing = 0;
		};
/* End PBXSourcesBuildPhase section */

/* Begin PBXTargetDependency section */
		B26DB8952A2148F000B96F21 /* PBXTargetDependency */ = {
			isa = PBXTargetDependency;
			target = B26DB87C2A2148EE00B96F21 /* CleanSwift */;
			targetProxy = B26DB8942A2148F000B96F21 /* PBXContainerItemProxy */;
		};
		B26DB89F2A2148F000B96F21 /* PBXTargetDependency */ = {
			isa = PBXTargetDependency;
			target = B26DB87C2A2148EE00B96F21 /* CleanSwift */;
			targetProxy = B26DB89E2A2148F000B96F21 /* PBXContainerItemProxy */;
		};
/* End PBXTargetDependency section */

/* Begin PBXVariantGroup section */
		B26DB88B2A2148F000B96F21 /* LaunchScreen.storyboard */ = {
			isa = PBXVariantGroup;
			children = (
				B26DB88C2A2148F000B96F21 /* Base */,
			);
			name = LaunchScreen.storyboard;
			sourceTree = "<group>";
		};
/* End PBXVariantGroup section */

/* Begin XCBuildConfiguration section */
		B26DB8A52A2148F000B96F21 /* Debug */ = {
			isa = XCBuildConfiguration;
			buildSettings = {
				ALWAYS_SEARCH_USER_PATHS = NO;
				CLANG_ANALYZER_NONNULL = YES;
				CLANG_ANALYZER_NUMBER_OBJECT_CONVERSION = YES_AGGRESSIVE;
				CLANG_CXX_LANGUAGE_STANDARD = "gnu++20";
				CLANG_ENABLE_MODULES = YES;
				CLANG_ENABLE_OBJC_ARC = YES;
				CLANG_ENABLE_OBJC_WEAK = YES;
				CLANG_WARN_BLOCK_CAPTURE_AUTORELEASING = YES;
				CLANG_WARN_BOOL_CONVERSION = YES;
				CLANG_WARN_COMMA = YES;
				CLANG_WARN_CONSTANT_CONVERSION = YES;
				CLANG_WARN_DEPRECATED_OBJC_IMPLEMENTATIONS = YES;
				CLANG_WARN_DIRECT_OBJC_ISA_USAGE = YES_ERROR;
				CLANG_WARN_DOCUMENTATION_COMMENTS = YES;
				CLANG_WARN_EMPTY_BODY = YES;
				CLANG_WARN_ENUM_CONVERSION = YES;
				CLANG_WARN_INFINITE_RECURSION = YES;
				CLANG_WARN_INT_CONVERSION = YES;
				CLANG_WARN_NON_LITERAL_NULL_CONVERSION = YES;
				CLANG_WARN_OBJC_IMPLICIT_RETAIN_SELF = YES;
				CLANG_WARN_OBJC_LITERAL_CONVERSION = YES;
				CLANG_WARN_OBJC_ROOT_CLASS = YES_ERROR;
				CLANG_WARN_QUOTED_INCLUDE_IN_FRAMEWORK_HEADER = YES;
				CLANG_WARN_RANGE_LOOP_ANALYSIS = YES;
				CLANG_WARN_STRICT_PROTOTYPES = YES;
				CLANG_WARN_SUSPICIOUS_MOVE = YES;
				CLANG_WARN_UNGUARDED_AVAILABILITY = YES_AGGRESSIVE;
				CLANG_WARN_UNREACHABLE_CODE = YES;
				CLANG_WARN__DUPLICATE_METHOD_MATCH = YES;
				COPY_PHASE_STRIP = NO;
				DEBUG_INFORMATION_FORMAT = dwarf;
				ENABLE_STRICT_OBJC_MSGSEND = YES;
				ENABLE_TESTABILITY = YES;
				GCC_C_LANGUAGE_STANDARD = gnu11;
				GCC_DYNAMIC_NO_PIC = NO;
				GCC_NO_COMMON_BLOCKS = YES;
				GCC_OPTIMIZATION_LEVEL = 0;
				GCC_PREPROCESSOR_DEFINITIONS = (
					"DEBUG=1",
					"$(inherited)",
				);
				GCC_WARN_64_TO_32_BIT_CONVERSION = YES;
				GCC_WARN_ABOUT_RETURN_TYPE = YES_ERROR;
				GCC_WARN_UNDECLARED_SELECTOR = YES;
				GCC_WARN_UNINITIALIZED_AUTOS = YES_AGGRESSIVE;
				GCC_WARN_UNUSED_FUNCTION = YES;
				GCC_WARN_UNUSED_VARIABLE = YES;
				IPHONEOS_DEPLOYMENT_TARGET = 16.2;
				MTL_ENABLE_DEBUG_INFO = INCLUDE_SOURCE;
				MTL_FAST_MATH = YES;
				ONLY_ACTIVE_ARCH = YES;
				SDKROOT = iphoneos;
				SWIFT_ACTIVE_COMPILATION_CONDITIONS = DEBUG;
				SWIFT_OPTIMIZATION_LEVEL = "-Onone";
			};
			name = Debug;
		};
		B26DB8A62A2148F000B96F21 /* Release */ = {
			isa = XCBuildConfiguration;
			buildSettings = {
				ALWAYS_SEARCH_USER_PATHS = NO;
				CLANG_ANALYZER_NONNULL = YES;
				CLANG_ANALYZER_NUMBER_OBJECT_CONVERSION = YES_AGGRESSIVE;
				CLANG_CXX_LANGUAGE_STANDARD = "gnu++20";
				CLANG_ENABLE_MODULES = YES;
				CLANG_ENABLE_OBJC_ARC = YES;
				CLANG_ENABLE_OBJC_WEAK = YES;
				CLANG_WARN_BLOCK_CAPTURE_AUTORELEASING = YES;
				CLANG_WARN_BOOL_CONVERSION = YES;
				CLANG_WARN_COMMA = YES;
				CLANG_WARN_CONSTANT_CONVERSION = YES;
				CLANG_WARN_DEPRECATED_OBJC_IMPLEMENTATIONS = YES;
				CLANG_WARN_DIRECT_OBJC_ISA_USAGE = YES_ERROR;
				CLANG_WARN_DOCUMENTATION_COMMENTS = YES;
				CLANG_WARN_EMPTY_BODY = YES;
				CLANG_WARN_ENUM_CONVERSION = YES;
				CLANG_WARN_INFINITE_RECURSION = YES;
				CLANG_WARN_INT_CONVERSION = YES;
				CLANG_WARN_NON_LITERAL_NULL_CONVERSION = YES;
				CLANG_WARN_OBJC_IMPLICIT_RETAIN_SELF = YES;
				CLANG_WARN_OBJC_LITERAL_CONVERSION = YES;
				CLANG_WARN_OBJC_ROOT_CLASS = YES_ERROR;
				CLANG_WARN_QUOTED_INCLUDE_IN_FRAMEWORK_HEADER = YES;
				CLANG_WARN_RANGE_LOOP_ANALYSIS = YES;
				CLANG_WARN_STRICT_PROTOTYPES = YES;
				CLANG_WARN_SUSPICIOUS_MOVE = YES;
				CLANG_WARN_UNGUARDED_AVAILABILITY = YES_AGGRESSIVE;
				CLANG_WARN_UNREACHABLE_CODE = YES;
				CLANG_WARN__DUPLICATE_METHOD_MATCH = YES;
				COPY_PHASE_STRIP = NO;
				DEBUG_INFORMATION_FORMAT = "dwarf-with-dsym";
				ENABLE_NS_ASSERTIONS = NO;
				ENABLE_STRICT_OBJC_MSGSEND = YES;
				GCC_C_LANGUAGE_STANDARD = gnu11;
				GCC_NO_COMMON_BLOCKS = YES;
				GCC_WARN_64_TO_32_BIT_CONVERSION = YES;
				GCC_WARN_ABOUT_RETURN_TYPE = YES_ERROR;
				GCC_WARN_UNDECLARED_SELECTOR = YES;
				GCC_WARN_UNINITIALIZED_AUTOS = YES_AGGRESSIVE;
				GCC_WARN_UNUSED_FUNCTION = YES;
				GCC_WARN_UNUSED_VARIABLE = YES;
				IPHONEOS_DEPLOYMENT_TARGET = 16.2;
				MTL_ENABLE_DEBUG_INFO = NO;
				MTL_FAST_MATH = YES;
				SDKROOT = iphoneos;
				SWIFT_COMPILATION_MODE = wholemodule;
				SWIFT_OPTIMIZATION_LEVEL = "-O";
				VALIDATE_PRODUCT = YES;
			};
			name = Release;
		};
		B26DB8A82A2148F000B96F21 /* Debug */ = {
			isa = XCBuildConfiguration;
			buildSettings = {
				ASSETCATALOG_COMPILER_APPICON_NAME = AppIcon;
				ASSETCATALOG_COMPILER_GLOBAL_ACCENT_COLOR_NAME = AccentColor;
				CODE_SIGN_STYLE = Automatic;
				CURRENT_PROJECT_VERSION = 1;
				DEVELOPMENT_TEAM = 6D5984MR54;
				GENERATE_INFOPLIST_FILE = YES;
				INFOPLIST_FILE = CleanSwift/Core/Info.plist;
				INFOPLIST_KEY_UIApplicationSupportsIndirectInputEvents = YES;
				INFOPLIST_KEY_UILaunchStoryboardName = LaunchScreen;
				INFOPLIST_KEY_UISupportedInterfaceOrientations_iPad = "UIInterfaceOrientationPortrait UIInterfaceOrientationPortraitUpsideDown UIInterfaceOrientationLandscapeLeft UIInterfaceOrientationLandscapeRight";
				INFOPLIST_KEY_UISupportedInterfaceOrientations_iPhone = "UIInterfaceOrientationPortrait UIInterfaceOrientationLandscapeLeft UIInterfaceOrientationLandscapeRight";
				LD_RUNPATH_SEARCH_PATHS = (
					"$(inherited)",
					"@executable_path/Frameworks",
				);
				MARKETING_VERSION = 1.0;
				PRODUCT_BUNDLE_IDENTIFIER = "com.joh-camacho.CleanSwift";
				PRODUCT_NAME = "$(TARGET_NAME)";
				SWIFT_EMIT_LOC_STRINGS = YES;
				SWIFT_VERSION = 5.0;
				TARGETED_DEVICE_FAMILY = "1,2";
			};
			name = Debug;
		};
		B26DB8A92A2148F000B96F21 /* Release */ = {
			isa = XCBuildConfiguration;
			buildSettings = {
				ASSETCATALOG_COMPILER_APPICON_NAME = AppIcon;
				ASSETCATALOG_COMPILER_GLOBAL_ACCENT_COLOR_NAME = AccentColor;
				CODE_SIGN_STYLE = Automatic;
				CURRENT_PROJECT_VERSION = 1;
				DEVELOPMENT_TEAM = 6D5984MR54;
				GENERATE_INFOPLIST_FILE = YES;
				INFOPLIST_FILE = CleanSwift/Core/Info.plist;
				INFOPLIST_KEY_UIApplicationSupportsIndirectInputEvents = YES;
				INFOPLIST_KEY_UILaunchStoryboardName = LaunchScreen;
				INFOPLIST_KEY_UISupportedInterfaceOrientations_iPad = "UIInterfaceOrientationPortrait UIInterfaceOrientationPortraitUpsideDown UIInterfaceOrientationLandscapeLeft UIInterfaceOrientationLandscapeRight";
				INFOPLIST_KEY_UISupportedInterfaceOrientations_iPhone = "UIInterfaceOrientationPortrait UIInterfaceOrientationLandscapeLeft UIInterfaceOrientationLandscapeRight";
				LD_RUNPATH_SEARCH_PATHS = (
					"$(inherited)",
					"@executable_path/Frameworks",
				);
				MARKETING_VERSION = 1.0;
				PRODUCT_BUNDLE_IDENTIFIER = "com.joh-camacho.CleanSwift";
				PRODUCT_NAME = "$(TARGET_NAME)";
				SWIFT_EMIT_LOC_STRINGS = YES;
				SWIFT_VERSION = 5.0;
				TARGETED_DEVICE_FAMILY = "1,2";
			};
			name = Release;
		};
		B26DB8AB2A2148F000B96F21 /* Debug */ = {
			isa = XCBuildConfiguration;
			buildSettings = {
				ALWAYS_EMBED_SWIFT_STANDARD_LIBRARIES = YES;
				BUNDLE_LOADER = "$(TEST_HOST)";
				CODE_SIGN_STYLE = Automatic;
				CURRENT_PROJECT_VERSION = 1;
				DEVELOPMENT_TEAM = 6D5984MR54;
				GENERATE_INFOPLIST_FILE = YES;
				IPHONEOS_DEPLOYMENT_TARGET = 16.2;
				MARKETING_VERSION = 1.0;
				PRODUCT_BUNDLE_IDENTIFIER = "com.joh-camacho.CleanSwiftTests";
				PRODUCT_NAME = "$(TARGET_NAME)";
				SWIFT_EMIT_LOC_STRINGS = NO;
				SWIFT_VERSION = 5.0;
				TARGETED_DEVICE_FAMILY = "1,2";
				TEST_HOST = "$(BUILT_PRODUCTS_DIR)/CleanSwift.app/$(BUNDLE_EXECUTABLE_FOLDER_PATH)/CleanSwift";
			};
			name = Debug;
		};
		B26DB8AC2A2148F000B96F21 /* Release */ = {
			isa = XCBuildConfiguration;
			buildSettings = {
				ALWAYS_EMBED_SWIFT_STANDARD_LIBRARIES = YES;
				BUNDLE_LOADER = "$(TEST_HOST)";
				CODE_SIGN_STYLE = Automatic;
				CURRENT_PROJECT_VERSION = 1;
				DEVELOPMENT_TEAM = 6D5984MR54;
				GENERATE_INFOPLIST_FILE = YES;
				IPHONEOS_DEPLOYMENT_TARGET = 16.2;
				MARKETING_VERSION = 1.0;
				PRODUCT_BUNDLE_IDENTIFIER = "com.joh-camacho.CleanSwiftTests";
				PRODUCT_NAME = "$(TARGET_NAME)";
				SWIFT_EMIT_LOC_STRINGS = NO;
				SWIFT_VERSION = 5.0;
				TARGETED_DEVICE_FAMILY = "1,2";
				TEST_HOST = "$(BUILT_PRODUCTS_DIR)/CleanSwift.app/$(BUNDLE_EXECUTABLE_FOLDER_PATH)/CleanSwift";
			};
			name = Release;
		};
		B26DB8AE2A2148F000B96F21 /* Debug */ = {
			isa = XCBuildConfiguration;
			buildSettings = {
				ALWAYS_EMBED_SWIFT_STANDARD_LIBRARIES = YES;
				CODE_SIGN_STYLE = Automatic;
				CURRENT_PROJECT_VERSION = 1;
				DEVELOPMENT_TEAM = 6D5984MR54;
				GENERATE_INFOPLIST_FILE = YES;
				MARKETING_VERSION = 1.0;
				PRODUCT_BUNDLE_IDENTIFIER = "com.joh-camacho.CleanSwiftUITests";
				PRODUCT_NAME = "$(TARGET_NAME)";
				SWIFT_EMIT_LOC_STRINGS = NO;
				SWIFT_VERSION = 5.0;
				TARGETED_DEVICE_FAMILY = "1,2";
				TEST_TARGET_NAME = CleanSwift;
			};
			name = Debug;
		};
		B26DB8AF2A2148F000B96F21 /* Release */ = {
			isa = XCBuildConfiguration;
			buildSettings = {
				ALWAYS_EMBED_SWIFT_STANDARD_LIBRARIES = YES;
				CODE_SIGN_STYLE = Automatic;
				CURRENT_PROJECT_VERSION = 1;
				DEVELOPMENT_TEAM = 6D5984MR54;
				GENERATE_INFOPLIST_FILE = YES;
				MARKETING_VERSION = 1.0;
				PRODUCT_BUNDLE_IDENTIFIER = "com.joh-camacho.CleanSwiftUITests";
				PRODUCT_NAME = "$(TARGET_NAME)";
				SWIFT_EMIT_LOC_STRINGS = NO;
				SWIFT_VERSION = 5.0;
				TARGETED_DEVICE_FAMILY = "1,2";
				TEST_TARGET_NAME = CleanSwift;
			};
			name = Release;
		};
/* End XCBuildConfiguration section */

/* Begin XCConfigurationList section */
		B26DB8782A2148EE00B96F21 /* Build configuration list for PBXProject "CleanSwift" */ = {
			isa = XCConfigurationList;
			buildConfigurations = (
				B26DB8A52A2148F000B96F21 /* Debug */,
				B26DB8A62A2148F000B96F21 /* Release */,
			);
			defaultConfigurationIsVisible = 0;
			defaultConfigurationName = Release;
		};
		B26DB8A72A2148F000B96F21 /* Build configuration list for PBXNativeTarget "CleanSwift" */ = {
			isa = XCConfigurationList;
			buildConfigurations = (
				B26DB8A82A2148F000B96F21 /* Debug */,
				B26DB8A92A2148F000B96F21 /* Release */,
			);
			defaultConfigurationIsVisible = 0;
			defaultConfigurationName = Release;
		};
		B26DB8AA2A2148F000B96F21 /* Build configuration list for PBXNativeTarget "CleanSwiftTests" */ = {
			isa = XCConfigurationList;
			buildConfigurations = (
				B26DB8AB2A2148F000B96F21 /* Debug */,
				B26DB8AC2A2148F000B96F21 /* Release */,
			);
			defaultConfigurationIsVisible = 0;
			defaultConfigurationName = Release;
		};
		B26DB8AD2A2148F000B96F21 /* Build configuration list for PBXNativeTarget "CleanSwiftUITests" */ = {
			isa = XCConfigurationList;
			buildConfigurations = (
				B26DB8AE2A2148F000B96F21 /* Debug */,
				B26DB8AF2A2148F000B96F21 /* Release */,
			);
			defaultConfigurationIsVisible = 0;
			defaultConfigurationName = Release;
		};
/* End XCConfigurationList section */
	};
	rootObject = B26DB8752A2148EE00B96F21 /* Project object */;
}
